<?xml version="1.0" encoding="UTF-8"?>
<Scheme
   version = "1.3">
   <BuildAction>
      <BuildActionEntries>
         <BuildActionEntry
            buildForRunning = "YES">
            <BuildableReference
               BuildableIdentifier = "primary"
               BlueprintIdentifier = "43B166C6190A9FAD00A943F5"
               BuildableName = "FizzBuzz.app"
               BlueprintName = "FizzBuzz"
               ReferencedContainer = "container:FizzBuzz.xcodeproj">
            </BuildableReference>
         </BuildActionEntry>
      </BuildActionEntries>
   </BuildAction>
   <LaunchAction
      useCustomWorkingDirectory = "NO"
      buildConfiguration = "Debug">
      <BuildableProductRunnable>
         <BuildableReference
            BuildableIdentifier = "primary"
            BlueprintIdentifier = "43B166C6190A9FAD00A943F5"
            BuildableName = "FizzBuzz.app"
            BlueprintName = "FizzBuzz"
            ReferencedContainer = "container:FizzBuzz.xcodeproj">
         </BuildableReference>
      </BuildableProductRunnable>
   </LaunchAction>
</Scheme>
