<?xml version="1.0" encoding="UTF-8"?>
<Scheme
   version = "1.3">
   <BuildAction>
      <BuildActionEntries>
         <BuildActionEntry
            buildForRunning = "YES">
            <BuildableReference
               BuildableIdentifier = "primary"
               BlueprintIdentifier = "43C5D4B01904429F002D1766"
               BuildableName = "TDD Workshop.app"
               BlueprintName = "TDD Workshop"
               ReferencedContainer = "container:TDD Workshop.xcodeproj">
            </BuildableReference>
         </BuildActionEntry>
      </BuildActionEntries>
   </BuildAction>
   <LaunchAction
      useCustomWorkingDirectory = "NO"
      buildConfiguration = "Debug">
      <BuildableProductRunnable>
         <BuildableReference
            BuildableIdentifier = "primary"
            BlueprintIdentifier = "43C5D4B01904429F002D1766"
            BuildableName = "TDD Workshop.app"
            BlueprintName = "TDD Workshop"
            ReferencedContainer = "container:TDD Workshop.xcodeproj">
         </BuildableReference>
      </BuildableProductRunnable>
   </LaunchAction>
</Scheme>
